
Microsoft Visual Studio Solution File, Format Version 12.00
Project("{FAE04EC0-301F-11D3-BF4B-00C04F79EFBC}") = "Karaage.Api", "Karaage.Api\Karaage.Api.csproj", "{B5FCC1AA-2535-4C37-A507-D1F016857B7A}"
EndProject
Project("{FAE04EC0-301F-11D3-BF4B-00C04F79EFBC}") = "Karaage.Youtube.Service", "Karaage.Youtube.Service\Karaage.Youtube.Service.csproj", "{877D1DE1-EF76-429C-8A28-625C4D7586A4}"
EndProject
Project("{FAE04EC0-301F-11D3-BF4B-00C04F79EFBC}") = "Karaage.Youtube.Client", "Karaage.Youtube.Client\Karaage.Youtube.Client.csproj", "{66F54859-2E37-40DF-8290-84C7EFC20FE0}"
EndProject
Project("{2150E333-8FDC-42A3-9474-1A3956D46DE8}") = "Tests", "Tests", "{AA9098B3-9308-4842-BA27-DFB90FC039C4}"
EndProject
Project("{FAE04EC0-301F-11D3-BF4B-00C04F79EFBC}") = "Karaage.Youtube.Client.Tests", "Karaage.Youtube.Client.Tests\Karaage.Youtube.Client.Tests.csproj", "{3D70CAF8-2388-4854-968F-8E9744B64AC6}"
EndProject
Project("{FAE04EC0-301F-11D3-BF4B-00C04F79EFBC}") = "Karaage.Domain", "Karaage.Domain\Karaage.Domain.csproj", "{0B1F7C2E-99FC-4E0F-88A8-35AEADF4F410}"
EndProject
Project("{FAE04EC0-301F-11D3-BF4B-00C04F79EFBC}") = "Karaage.DataAccess", "Karaage.DataAccess\Karaage.DataAccess.csproj", "{172A0134-AB34-45A2-9B3A-EADD049DA3D9}"
EndProject
Global
	GlobalSection(SolutionConfigurationPlatforms) = preSolution
		Debug|Any CPU = Debug|Any CPU
		Release|Any CPU = Release|Any CPU
	EndGlobalSection
	GlobalSection(ProjectConfigurationPlatforms) = postSolution
		{B5FCC1AA-2535-4C37-A507-D1F016857B7A}.Debug|Any CPU.ActiveCfg = Debug|Any CPU
		{B5FCC1AA-2535-4C37-A507-D1F016857B7A}.Debug|Any CPU.Build.0 = Debug|Any CPU
		{B5FCC1AA-2535-4C37-A507-D1F016857B7A}.Release|Any CPU.ActiveCfg = Release|Any CPU
		{B5FCC1AA-2535-4C37-A507-D1F016857B7A}.Release|Any CPU.Build.0 = Release|Any CPU
		{877D1DE1-EF76-429C-8A28-625C4D7586A4}.Debug|Any CPU.ActiveCfg = Debug|Any CPU
		{877D1DE1-EF76-429C-8A28-625C4D7586A4}.Debug|Any CPU.Build.0 = Debug|Any CPU
		{877D1DE1-EF76-429C-8A28-625C4D7586A4}.Release|Any CPU.ActiveCfg = Release|Any CPU
		{877D1DE1-EF76-429C-8A28-625C4D7586A4}.Release|Any CPU.Build.0 = Release|Any CPU
		{66F54859-2E37-40DF-8290-84C7EFC20FE0}.Debug|Any CPU.ActiveCfg = Debug|Any CPU
		{66F54859-2E37-40DF-8290-84C7EFC20FE0}.Debug|Any CPU.Build.0 = Debug|Any CPU
		{66F54859-2E37-40DF-8290-84C7EFC20FE0}.Release|Any CPU.ActiveCfg = Release|Any CPU
		{66F54859-2E37-40DF-8290-84C7EFC20FE0}.Release|Any CPU.Build.0 = Release|Any CPU
		{3D70CAF8-2388-4854-968F-8E9744B64AC6}.Debug|Any CPU.ActiveCfg = Debug|Any CPU
		{3D70CAF8-2388-4854-968F-8E9744B64AC6}.Debug|Any CPU.Build.0 = Debug|Any CPU
		{3D70CAF8-2388-4854-968F-8E9744B64AC6}.Release|Any CPU.ActiveCfg = Release|Any CPU
		{3D70CAF8-2388-4854-968F-8E9744B64AC6}.Release|Any CPU.Build.0 = Release|Any CPU
		{0B1F7C2E-99FC-4E0F-88A8-35AEADF4F410}.Debug|Any CPU.ActiveCfg = Debug|Any CPU
		{0B1F7C2E-99FC-4E0F-88A8-35AEADF4F410}.Debug|Any CPU.Build.0 = Debug|Any CPU
		{0B1F7C2E-99FC-4E0F-88A8-35AEADF4F410}.Release|Any CPU.ActiveCfg = Release|Any CPU
		{0B1F7C2E-99FC-4E0F-88A8-35AEADF4F410}.Release|Any CPU.Build.0 = Release|Any CPU
		{172A0134-AB34-45A2-9B3A-EADD049DA3D9}.Debug|Any CPU.ActiveCfg = Debug|Any CPU
		{172A0134-AB34-45A2-9B3A-EADD049DA3D9}.Debug|Any CPU.Build.0 = Debug|Any CPU
		{172A0134-AB34-45A2-9B3A-EADD049DA3D9}.Release|Any CPU.ActiveCfg = Release|Any CPU
		{172A0134-AB34-45A2-9B3A-EADD049DA3D9}.Release|Any CPU.Build.0 = Release|Any CPU
	EndGlobalSection
	GlobalSection(NestedProjects) = preSolution
		{3D70CAF8-2388-4854-968F-8E9744B64AC6} = {AA9098B3-9308-4842-BA27-DFB90FC039C4}
	EndGlobalSection
EndGlobal
